
Microsoft Visual Studio Solution File, Format Version 12.00
# Visual Studio Version 17
VisualStudioVersion = 17.6.33815.320
MinimumVisualStudioVersion = 10.0.40219.1
Project("{FAE04EC0-301F-11D3-BF4B-00C04F79EFBC}") = "screenSound", "screenSound\screenSound.csproj", "{452A8D28-B3F2-40AD-917F-5430ED95A3F0}"
EndProject
Global
	GlobalSection(SolutionConfigurationPlatforms) = preSolution
		Debug|Any CPU = Debug|Any CPU
		Release|Any CPU = Release|Any CPU
	EndGlobalSection
	GlobalSection(ProjectConfigurationPlatforms) = postSolution
		{452A8D28-B3F2-40AD-917F-5430ED95A3F0}.Debug|Any CPU.ActiveCfg = Debug|Any CPU
		{452A8D28-B3F2-40AD-917F-5430ED95A3F0}.Debug|Any CPU.Build.0 = Debug|Any CPU
		{452A8D28-B3F2-40AD-917F-5430ED95A3F0}.Release|Any CPU.ActiveCfg = Release|Any CPU
		{452A8D28-B3F2-40AD-917F-5430ED95A3F0}.Release|Any CPU.Build.0 = Release|Any CPU
	EndGlobalSection
	GlobalSection(SolutionProperties) = preSolution
		HideSolutionNode = FALSE
	EndGlobalSection
	GlobalSection(ExtensibilityGlobals) = postSolution
		SolutionGuid = {68EC8341-A5C6-4C02-8D0C-132AE28DAB85}
	EndGlobalSection
EndGlobal
